{
    "name": "tabbar自定义底部标签栏菜单",
    "version": "v1.1.0",
    "lockfileVersion": 2,
    "requires": true,
    "packages": {
        "": {
            "name": "tabbar自定义底部标签栏菜单",
            "version": "v1.1.0",
            "dependencies": {
                "photo-sphere-viewer": "^4.6.4",
                "three": "^0.143.0"
            }
        },
        "node_modules/photo-sphere-viewer": {
            "version": "4.6.4",
            "resolved": "https://registry.npmmirror.com/photo-sphere-viewer/-/photo-sphere-viewer-4.6.4.tgz",
            "integrity": "sha512-DhhCivaX8YatgHpb4KL9FjQ+LY5NJL5nqxNrT/GRiOuYRvD4T0HX8cHne+MARvveT0/kNmqemQ6juxOj2qp/rg==",
            "deprecated": "Use @photo-sphere-viewer/core instead, see https://photo-sphere-viewer.js.org/guide/migration.html",
            "dependencies": {
                "three": "^0.142.0",
                "uevent": "^2.1.1"
            }
        },
        "node_modules/photo-sphere-viewer/node_modules/three": {
            "version": "0.142.0",
            "resolved": "https://registry.npmmirror.com/three/-/three-0.142.0.tgz",
            "integrity": "sha512-ESjPO+3geFr+ZUfVMpMnF/eVU2uJPOh0e2ZpMFqjNca1wApS9lJb7E4MjwGIczgt9iuKd8PEm6Pfgp2bJ92Xtg=="
        },
        "node_modules/three": {
            "version": "0.143.0",
            "resolved": "https://registry.npmmirror.com/three/-/three-0.143.0.tgz",
            "integrity": "sha512-oKcAGYHhJ46TGEuHjodo2n6TY2R6lbvrkp+feKZxqsUL/WkH7GKKaeu6RHeyb2Xjfk2dPLRKLsOP0KM2VgT8Zg=="
        },
        "node_modules/uevent": {
            "version": "2.2.0",
            "resolved": "https://registry.npmmirror.com/uevent/-/uevent-2.2.0.tgz",
            "integrity": "sha512-48s5LF/c6R1fUmctGib/dWKhZjZLd4aK/85dwVAbwgHNBSO0k0UNp0ZKZpkSbU6633qYhgykYQPakTSuOxZopA=="
        }
    },
    "dependencies": {
        "photo-sphere-viewer": {
            "version": "4.6.4",
            "resolved": "https://registry.npmmirror.com/photo-sphere-viewer/-/photo-sphere-viewer-4.6.4.tgz",
            "integrity": "sha512-DhhCivaX8YatgHpb4KL9FjQ+LY5NJL5nqxNrT/GRiOuYRvD4T0HX8cHne+MARvveT0/kNmqemQ6juxOj2qp/rg==",
            "requires": {
                "three": "^0.142.0",
                "uevent": "^2.1.1"
            },
            "dependencies": {
                "three": {
                    "version": "0.142.0",
                    "resolved": "https://registry.npmmirror.com/three/-/three-0.142.0.tgz",
                    "integrity": "sha512-ESjPO+3geFr+ZUfVMpMnF/eVU2uJPOh0e2ZpMFqjNca1wApS9lJb7E4MjwGIczgt9iuKd8PEm6Pfgp2bJ92Xtg=="
                }
            }
        },
        "three": {
            "version": "0.143.0",
            "resolved": "https://registry.npmmirror.com/three/-/three-0.143.0.tgz",
            "integrity": "sha512-oKcAGYHhJ46TGEuHjodo2n6TY2R6lbvrkp+feKZxqsUL/WkH7GKKaeu6RHeyb2Xjfk2dPLRKLsOP0KM2VgT8Zg=="
        },
        "uevent": {
            "version": "2.2.0",
            "resolved": "https://registry.npmmirror.com/uevent/-/uevent-2.2.0.tgz",
            "integrity": "sha512-48s5LF/c6R1fUmctGib/dWKhZjZLd4aK/85dwVAbwgHNBSO0k0UNp0ZKZpkSbU6633qYhgykYQPakTSuOxZopA=="
        }
    }
}
